// !$*UTF8*$!
{
	archiveVersion = 1;
	classes = {
	};
	objectVersion = 56;
	objects = {

/* Begin PBXBuildFile section */
		1ADB537C2C3F8DC10011EE08 /* LocationManager.swift in Sources */ = {isa = PBXBuildFile; fileRef = 1ADB537B2C3F8DC10011EE08 /* LocationManager.swift */; };
		1ADB53802C3FD00A0011EE08 /* DayWeather.swift in Sources */ = {isa = PBXBuildFile; fileRef = 1ADB537F2C3FD00A0011EE08 /* DayWeather.swift */; };
		1ADB53822C3FDC370011EE08 /* HourlyWeather.swift in Sources */ = {isa = PBXBuildFile; fileRef = 1ADB53812C3FDC370011EE08 /* HourlyWeather.swift */; };
		2B4D20272C460EAE00C90BB1 /* WeatherAnimation.swift in Sources */ = {isa = PBXBuildFile; fileRef = 2B4D20262C460EAE00C90BB1 /* WeatherAnimation.swift */; };
		2BA3DCE42C3BA9820042C618 /* Nano3_WeatherAppForParentApp.swift in Sources */ = {isa = PBXBuildFile; fileRef = 2BA3DCE32C3BA9820042C618 /* Nano3_WeatherAppForParentApp.swift */; };
		2BA3DCE62C3BA9820042C618 /* ContentView.swift in Sources */ = {isa = PBXBuildFile; fileRef = 2BA3DCE52C3BA9820042C618 /* ContentView.swift */; };
		2BA3DCE82C3BA9840042C618 /* Assets.xcassets in Resources */ = {isa = PBXBuildFile; fileRef = 2BA3DCE72C3BA9840042C618 /* Assets.xcassets */; };
		2BA3DCEB2C3BA9840042C618 /* Preview Assets.xcassets in Resources */ = {isa = PBXBuildFile; fileRef = 2BA3DCEA2C3BA9840042C618 /* Preview Assets.xcassets */; };
		2BA3DD0F2C42999D0042C618 /* MainView.swift in Sources */ = {isa = PBXBuildFile; fileRef = 2BA3DD0E2C42999D0042C618 /* MainView.swift */; };
		2BA3DD132C42C8630042C618 /* WeeklyWeatherView.swift in Sources */ = {isa = PBXBuildFile; fileRef = 2BA3DD122C42C8630042C618 /* WeeklyWeatherView.swift */; };
		2BA3DD1B2C44D9C40042C618 /* InfoView.swift in Sources */ = {isa = PBXBuildFile; fileRef = 2BA3DD192C44D9C40042C618 /* InfoView.swift */; };
		A406000F2C41961200A891EE /* LocationViewModel.swift in Sources */ = {isa = PBXBuildFile; fileRef = A406000E2C41961200A891EE /* LocationViewModel.swift */; };
		A40600112C41962700A891EE /* Location.swift in Sources */ = {isa = PBXBuildFile; fileRef = A40600102C41962700A891EE /* Location.swift */; };
		A40600172C44A87E00A891EE /* PrepItem.swift in Sources */ = {isa = PBXBuildFile; fileRef = A40600162C44A87E00A891EE /* PrepItem.swift */; };
		A45A06922C3CDCD700797DE2 /* Localizable.xcstrings in Resources */ = {isa = PBXBuildFile; fileRef = A45A06912C3CDCD700797DE2 /* Localizable.xcstrings */; };
		A45A06942C3E29B300797DE2 /* CardView.swift in Sources */ = {isa = PBXBuildFile; fileRef = A45A06932C3E29B300797DE2 /* CardView.swift */; };
		A45A069B2C3E2B8800797DE2 /* ApiClient.swift in Sources */ = {isa = PBXBuildFile; fileRef = A45A069A2C3E2B8800797DE2 /* ApiClient.swift */; };
		A45A069D2C3E39DD00797DE2 /* DailySummary.swift in Sources */ = {isa = PBXBuildFile; fileRef = A45A069C2C3E39DD00797DE2 /* DailySummary.swift */; };
		A483144A2C3F7CCD00F3D1AB /* ApiClient+GptRequest.swift in Sources */ = {isa = PBXBuildFile; fileRef = A48314492C3F7CCD00F3D1AB /* ApiClient+GptRequest.swift */; };
		A483144F2C40E63B00F3D1AB /* WeatherViewModel.swift in Sources */ = {isa = PBXBuildFile; fileRef = A483144E2C40E63B00F3D1AB /* WeatherViewModel.swift */; };
		A48314522C40E80800F3D1AB /* WeatherManagerDelegate.swift in Sources */ = {isa = PBXBuildFile; fileRef = A48314512C40E80800F3D1AB /* WeatherManagerDelegate.swift */; };
		A48314542C41036700F3D1AB /* DailyView.swift in Sources */ = {isa = PBXBuildFile; fileRef = A48314532C41036700F3D1AB /* DailyView.swift */; };
		A48314742C41204600F3D1AB /* WeatherManager.swift in Sources */ = {isa = PBXBuildFile; fileRef = A48314732C41204600F3D1AB /* WeatherManager.swift */; };
		A48314762C41255D00F3D1AB /* WeatherManager+Parsing.swift in Sources */ = {isa = PBXBuildFile; fileRef = A48314752C41255D00F3D1AB /* WeatherManager+Parsing.swift */; };
/* End PBXBuildFile section */

/* Begin PBXContainerItemProxy section */
		2BA3DCF12C3BA9840042C618 /* PBXContainerItemProxy */ = {
			isa = PBXContainerItemProxy;
			containerPortal = 2BA3DCD82C3BA9820042C618 /* Project object */;
			proxyType = 1;
			remoteGlobalIDString = 2BA3DCDF2C3BA9820042C618;
			remoteInfo = Nano3_WeatherAppForParent;
		};
		2BA3DCFB2C3BA9840042C618 /* PBXContainerItemProxy */ = {
			isa = PBXContainerItemProxy;
			containerPortal = 2BA3DCD82C3BA9820042C618 /* Project object */;
			proxyType = 1;
			remoteGlobalIDString = 2BA3DCDF2C3BA9820042C618;
			remoteInfo = Nano3_WeatherAppForParent;
		};
/* End PBXContainerItemProxy section */

/* Begin PBXFileReference section */
		1ADB53762C3F5AAE0011EE08 /* Nano3-WeatherAppForParent-Info.plist */ = {isa = PBXFileReference; lastKnownFileType = text.plist; path = "Nano3-WeatherAppForParent-Info.plist"; sourceTree = SOURCE_ROOT; };
		1ADB537B2C3F8DC10011EE08 /* LocationManager.swift */ = {isa = PBXFileReference; lastKnownFileType = sourcecode.swift; path = LocationManager.swift; sourceTree = "<group>"; };
		1ADB537F2C3FD00A0011EE08 /* DayWeather.swift */ = {isa = PBXFileReference; lastKnownFileType = sourcecode.swift; path = DayWeather.swift; sourceTree = "<group>"; };
		1ADB53812C3FDC370011EE08 /* HourlyWeather.swift */ = {isa = PBXFileReference; lastKnownFileType = sourcecode.swift; path = HourlyWeather.swift; sourceTree = "<group>"; };
		2B4D20262C460EAE00C90BB1 /* WeatherAnimation.swift */ = {isa = PBXFileReference; fileEncoding = 4; lastKnownFileType = sourcecode.swift; name = WeatherAnimation.swift; path = ../../../../../Downloads/WeatherAnimation.swift; sourceTree = "<group>"; };
		2BA3DCE02C3BA9820042C618 /* Nano3_WeatherAppForParent.app */ = {isa = PBXFileReference; explicitFileType = wrapper.application; includeInIndex = 0; path = Nano3_WeatherAppForParent.app; sourceTree = BUILT_PRODUCTS_DIR; };
		2BA3DCE32C3BA9820042C618 /* Nano3_WeatherAppForParentApp.swift */ = {isa = PBXFileReference; lastKnownFileType = sourcecode.swift; path = Nano3_WeatherAppForParentApp.swift; sourceTree = "<group>"; };
		2BA3DCE52C3BA9820042C618 /* ContentView.swift */ = {isa = PBXFileReference; lastKnownFileType = sourcecode.swift; path = ContentView.swift; sourceTree = "<group>"; };
		2BA3DCE72C3BA9840042C618 /* Assets.xcassets */ = {isa = PBXFileReference; lastKnownFileType = folder.assetcatalog; path = Assets.xcassets; sourceTree = "<group>"; };
		2BA3DCEA2C3BA9840042C618 /* Preview Assets.xcassets */ = {isa = PBXFileReference; lastKnownFileType = folder.assetcatalog; path = "Preview Assets.xcassets"; sourceTree = "<group>"; };
		2BA3DCF02C3BA9840042C618 /* Nano3_WeatherAppForParentTests.xctest */ = {isa = PBXFileReference; explicitFileType = wrapper.cfbundle; includeInIndex = 0; path = Nano3_WeatherAppForParentTests.xctest; sourceTree = BUILT_PRODUCTS_DIR; };
		2BA3DCFA2C3BA9840042C618 /* Nano3_WeatherAppForParentUITests.xctest */ = {isa = PBXFileReference; explicitFileType = wrapper.cfbundle; includeInIndex = 0; path = Nano3_WeatherAppForParentUITests.xctest; sourceTree = BUILT_PRODUCTS_DIR; };
		2BA3DD0E2C42999D0042C618 /* MainView.swift */ = {isa = PBXFileReference; lastKnownFileType = sourcecode.swift; path = MainView.swift; sourceTree = "<group>"; };
		2BA3DD122C42C8630042C618 /* WeeklyWeatherView.swift */ = {isa = PBXFileReference; lastKnownFileType = sourcecode.swift; path = WeeklyWeatherView.swift; sourceTree = "<group>"; };
		2BA3DD182C44D9C40042C618 /* WeatherAnimation.swift */ = {isa = PBXFileReference; fileEncoding = 4; lastKnownFileType = sourcecode.swift; name = WeatherAnimation.swift; path = ../../../../../Downloads/WeatherAnimation.swift; sourceTree = "<group>"; };
		2BA3DD192C44D9C40042C618 /* InfoView.swift */ = {isa = PBXFileReference; fileEncoding = 4; lastKnownFileType = sourcecode.swift; name = InfoView.swift; path = ../../../../../Downloads/InfoView.swift; sourceTree = "<group>"; };
		A406000E2C41961200A891EE /* LocationViewModel.swift */ = {isa = PBXFileReference; lastKnownFileType = sourcecode.swift; path = LocationViewModel.swift; sourceTree = "<group>"; };
		A40600102C41962700A891EE /* Location.swift */ = {isa = PBXFileReference; lastKnownFileType = sourcecode.swift; path = Location.swift; sourceTree = "<group>"; };
		A40600162C44A87E00A891EE /* PrepItem.swift */ = {isa = PBXFileReference; lastKnownFileType = sourcecode.swift; path = PrepItem.swift; sourceTree = "<group>"; };
		A45A068E2C3CDAFF00797DE2 /* Nano3_WeatherAppForParent.entitlements */ = {isa = PBXFileReference; lastKnownFileType = text.plist.entitlements; path = Nano3_WeatherAppForParent.entitlements; sourceTree = "<group>"; };
		A45A06912C3CDCD700797DE2 /* Localizable.xcstrings */ = {isa = PBXFileReference; lastKnownFileType = text.json.xcstrings; path = Localizable.xcstrings; sourceTree = "<group>"; };
		A45A06932C3E29B300797DE2 /* CardView.swift */ = {isa = PBXFileReference; lastKnownFileType = sourcecode.swift; path = CardView.swift; sourceTree = "<group>"; };
		A45A069A2C3E2B8800797DE2 /* ApiClient.swift */ = {isa = PBXFileReference; lastKnownFileType = sourcecode.swift; path = ApiClient.swift; sourceTree = "<group>"; };
		A45A069C2C3E39DD00797DE2 /* DailySummary.swift */ = {isa = PBXFileReference; lastKnownFileType = sourcecode.swift; path = DailySummary.swift; sourceTree = "<group>"; };
		A48314492C3F7CCD00F3D1AB /* ApiClient+GptRequest.swift */ = {isa = PBXFileReference; lastKnownFileType = sourcecode.swift; path = "ApiClient+GptRequest.swift"; sourceTree = "<group>"; };
		A483144E2C40E63B00F3D1AB /* WeatherViewModel.swift */ = {isa = PBXFileReference; lastKnownFileType = sourcecode.swift; path = WeatherViewModel.swift; sourceTree = "<group>"; };
		A48314512C40E80800F3D1AB /* WeatherManagerDelegate.swift */ = {isa = PBXFileReference; lastKnownFileType = sourcecode.swift; path = WeatherManagerDelegate.swift; sourceTree = "<group>"; };
		A48314532C41036700F3D1AB /* DailyView.swift */ = {isa = PBXFileReference; lastKnownFileType = sourcecode.swift; path = DailyView.swift; sourceTree = "<group>"; };
		A48314732C41204600F3D1AB /* WeatherManager.swift */ = {isa = PBXFileReference; lastKnownFileType = sourcecode.swift; path = WeatherManager.swift; sourceTree = "<group>"; };
		A48314752C41255D00F3D1AB /* WeatherManager+Parsing.swift */ = {isa = PBXFileReference; lastKnownFileType = sourcecode.swift; path = "WeatherManager+Parsing.swift"; sourceTree = "<group>"; };
/* End PBXFileReference section */

/* Begin PBXFrameworksBuildPhase section */
		2BA3DCDD2C3BA9820042C618 /* Frameworks */ = {
			isa = PBXFrameworksBuildPhase;
			buildActionMask = 2147483647;
			files = (
			);
			runOnlyForDeploymentPostprocessing = 0;
		};
		2BA3DCED2C3BA9840042C618 /* Frameworks */ = {
			isa = PBXFrameworksBuildPhase;
			buildActionMask = 2147483647;
			files = (
			);
			runOnlyForDeploymentPostprocessing = 0;
		};
		2BA3DCF72C3BA9840042C618 /* Frameworks */ = {
			isa = PBXFrameworksBuildPhase;
			buildActionMask = 2147483647;
			files = (
			);
			runOnlyForDeploymentPostprocessing = 0;
		};
/* End PBXFrameworksBuildPhase section */

/* Begin PBXGroup section */
		2BA3DCD72C3BA9820042C618 = {
			isa = PBXGroup;
			children = (
				2BA3DCE22C3BA9820042C618 /* Nano3_WeatherAppForParent */,
				2BA3DCE12C3BA9820042C618 /* Products */,
			);
			sourceTree = "<group>";
		};
		2BA3DCE12C3BA9820042C618 /* Products */ = {
			isa = PBXGroup;
			children = (
				2BA3DCE02C3BA9820042C618 /* Nano3_WeatherAppForParent.app */,
				2BA3DCF02C3BA9840042C618 /* Nano3_WeatherAppForParentTests.xctest */,
				2BA3DCFA2C3BA9840042C618 /* Nano3_WeatherAppForParentUITests.xctest */,
			);
			name = Products;
			sourceTree = "<group>";
		};
		2BA3DCE22C3BA9820042C618 /* Nano3_WeatherAppForParent */ = {
			isa = PBXGroup;
			children = (
				1ADB53762C3F5AAE0011EE08 /* Nano3-WeatherAppForParent-Info.plist */,
				2BA3DCE32C3BA9820042C618 /* Nano3_WeatherAppForParentApp.swift */,
				A45A068A2C3CD9BC00797DE2 /* View */,
				A45A06892C3CD9B500797DE2 /* ViewModel */,
				A45A06882C3CD9B000797DE2 /* Model */,
				A48314502C40E7D200F3D1AB /* Services */,
				A45A068D2C3CDA1100797DE2 /* Resources */,
			);
			path = Nano3_WeatherAppForParent;
			sourceTree = "<group>";
		};
		2BA3DCE92C3BA9840042C618 /* Preview Content */ = {
			isa = PBXGroup;
			children = (
				2BA3DCEA2C3BA9840042C618 /* Preview Assets.xcassets */,
			);
			path = "Preview Content";
			sourceTree = "<group>";
		};
		A45A06882C3CD9B000797DE2 /* Model */ = {
			isa = PBXGroup;
			children = (
				A45A069C2C3E39DD00797DE2 /* DailySummary.swift */,
				A40600162C44A87E00A891EE /* PrepItem.swift */,
				A40600102C41962700A891EE /* Location.swift */,
				1ADB537F2C3FD00A0011EE08 /* DayWeather.swift */,
				1ADB53812C3FDC370011EE08 /* HourlyWeather.swift */,
			);
			path = Model;
			sourceTree = "<group>";
		};
		A45A06892C3CD9B500797DE2 /* ViewModel */ = {
			isa = PBXGroup;
			children = (
				A483144E2C40E63B00F3D1AB /* WeatherViewModel.swift */,
				A406000E2C41961200A891EE /* LocationViewModel.swift */,
			);
			path = ViewModel;
			sourceTree = "<group>";
		};
		A45A068A2C3CD9BC00797DE2 /* View */ = {
			isa = PBXGroup;
			children = (
				A45A068B2C3CD9C900797DE2 /* Presentation */,
				A45A068C2C3CD9E300797DE2 /* Components */,
			);
			path = View;
			sourceTree = "<group>";
		};
		A45A068B2C3CD9C900797DE2 /* Presentation */ = {
			isa = PBXGroup;
			children = (
				2BA3DCE52C3BA9820042C618 /* ContentView.swift */,
				2BA3DD0E2C42999D0042C618 /* MainView.swift */,
				2BA3DD122C42C8630042C618 /* WeeklyWeatherView.swift */,
				2BA3DD192C44D9C40042C618 /* InfoView.swift */,
				2BA3DD182C44D9C40042C618 /* WeatherAnimation.swift */,
				A48314532C41036700F3D1AB /* DailyView.swift */,
			);
			path = Presentation;
			sourceTree = "<group>";
		};
		A45A068C2C3CD9E300797DE2 /* Components */ = {
			isa = PBXGroup;
			children = (
				A45A06932C3E29B300797DE2 /* CardView.swift */,
				2B4D20262C460EAE00C90BB1 /* WeatherAnimation.swift */,
			);
			path = Components;
			sourceTree = "<group>";
		};
		A45A068D2C3CDA1100797DE2 /* Resources */ = {
			isa = PBXGroup;
			children = (
				A45A068E2C3CDAFF00797DE2 /* Nano3_WeatherAppForParent.entitlements */,
				A45A06912C3CDCD700797DE2 /* Localizable.xcstrings */,
				2BA3DCE72C3BA9840042C618 /* Assets.xcassets */,
				2BA3DCE92C3BA9840042C618 /* Preview Content */,
			);
			path = Resources;
			sourceTree = "<group>";
		};
		A45A06992C3E2B7A00797DE2 /* Networking */ = {
			isa = PBXGroup;
			children = (
				A45A069A2C3E2B8800797DE2 /* ApiClient.swift */,
				A48314492C3F7CCD00F3D1AB /* ApiClient+GptRequest.swift */,
			);
			path = Networking;
			sourceTree = "<group>";
		};
		A48314502C40E7D200F3D1AB /* Services */ = {
			isa = PBXGroup;
			children = (
				A48314732C41204600F3D1AB /* WeatherManager.swift */,
				A48314752C41255D00F3D1AB /* WeatherManager+Parsing.swift */,
				A48314512C40E80800F3D1AB /* WeatherManagerDelegate.swift */,
				1ADB537B2C3F8DC10011EE08 /* LocationManager.swift */,
				A45A06992C3E2B7A00797DE2 /* Networking */,
			);
			path = Services;
			sourceTree = "<group>";
		};
/* End PBXGroup section */

/* Begin PBXNativeTarget section */
		2BA3DCDF2C3BA9820042C618 /* Nano3_WeatherAppForParent */ = {
			isa = PBXNativeTarget;
			buildConfigurationList = 2BA3DD042C3BA9840042C618 /* Build configuration list for PBXNativeTarget "Nano3_WeatherAppForParent" */;
			buildPhases = (
				2BA3DCDC2C3BA9820042C618 /* Sources */,
				2BA3DCDD2C3BA9820042C618 /* Frameworks */,
				2BA3DCDE2C3BA9820042C618 /* Resources */,
			);
			buildRules = (
			);
			dependencies = (
			);
			name = Nano3_WeatherAppForParent;
			productName = Nano3_WeatherAppForParent;
			productReference = 2BA3DCE02C3BA9820042C618 /* Nano3_WeatherAppForParent.app */;
			productType = "com.apple.product-type.application";
		};
		2BA3DCEF2C3BA9840042C618 /* Nano3_WeatherAppForParentTests */ = {
			isa = PBXNativeTarget;
			buildConfigurationList = 2BA3DD072C3BA9840042C618 /* Build configuration list for PBXNativeTarget "Nano3_WeatherAppForParentTests" */;
			buildPhases = (
				2BA3DCEC2C3BA9840042C618 /* Sources */,
				2BA3DCED2C3BA9840042C618 /* Frameworks */,
				2BA3DCEE2C3BA9840042C618 /* Resources */,
			);
			buildRules = (
			);
			dependencies = (
				2BA3DCF22C3BA9840042C618 /* PBXTargetDependency */,
			);
			name = Nano3_WeatherAppForParentTests;
			productName = Nano3_WeatherAppForParentTests;
			productReference = 2BA3DCF02C3BA9840042C618 /* Nano3_WeatherAppForParentTests.xctest */;
			productType = "com.apple.product-type.bundle.unit-test";
		};
		2BA3DCF92C3BA9840042C618 /* Nano3_WeatherAppForParentUITests */ = {
			isa = PBXNativeTarget;
			buildConfigurationList = 2BA3DD0A2C3BA9840042C618 /* Build configuration list for PBXNativeTarget "Nano3_WeatherAppForParentUITests" */;
			buildPhases = (
				2BA3DCF62C3BA9840042C618 /* Sources */,
				2BA3DCF72C3BA9840042C618 /* Frameworks */,
				2BA3DCF82C3BA9840042C618 /* Resources */,
			);
			buildRules = (
			);
			dependencies = (
				2BA3DCFC2C3BA9840042C618 /* PBXTargetDependency */,
			);
			name = Nano3_WeatherAppForParentUITests;
			productName = Nano3_WeatherAppForParentUITests;
			productReference = 2BA3DCFA2C3BA9840042C618 /* Nano3_WeatherAppForParentUITests.xctest */;
			productType = "com.apple.product-type.bundle.ui-testing";
		};
/* End PBXNativeTarget section */

/* Begin PBXProject section */
		2BA3DCD82C3BA9820042C618 /* Project object */ = {
			isa = PBXProject;
			attributes = {
				BuildIndependentTargetsInParallel = 1;
				LastSwiftUpdateCheck = 1540;
				LastUpgradeCheck = 1540;
				TargetAttributes = {
					2BA3DCDF2C3BA9820042C618 = {
						CreatedOnToolsVersion = 15.4;
					};
					2BA3DCEF2C3BA9840042C618 = {
						CreatedOnToolsVersion = 15.4;
						TestTargetID = 2BA3DCDF2C3BA9820042C618;
					};
					2BA3DCF92C3BA9840042C618 = {
						CreatedOnToolsVersion = 15.4;
						TestTargetID = 2BA3DCDF2C3BA9820042C618;
					};
				};
			};
			buildConfigurationList = 2BA3DCDB2C3BA9820042C618 /* Build configuration list for PBXProject "Nano3_WeatherAppForParent" */;
			compatibilityVersion = "Xcode 14.0";
			developmentRegion = en;
			hasScannedForEncodings = 0;
			knownRegions = (
				en,
				Base,
				sv,
				id,
			);
			mainGroup = 2BA3DCD72C3BA9820042C618;
			productRefGroup = 2BA3DCE12C3BA9820042C618 /* Products */;
			projectDirPath = "";
			projectRoot = "";
			targets = (
				2BA3DCDF2C3BA9820042C618 /* Nano3_WeatherAppForParent */,
				2BA3DCEF2C3BA9840042C618 /* Nano3_WeatherAppForParentTests */,
				2BA3DCF92C3BA9840042C618 /* Nano3_WeatherAppForParentUITests */,
			);
		};
/* End PBXProject section */

/* Begin PBXResourcesBuildPhase section */
		2BA3DCDE2C3BA9820042C618 /* Resources */ = {
			isa = PBXResourcesBuildPhase;
			buildActionMask = 2147483647;
			files = (
				2BA3DCEB2C3BA9840042C618 /* Preview Assets.xcassets in Resources */,
				2BA3DCE82C3BA9840042C618 /* Assets.xcassets in Resources */,
				A45A06922C3CDCD700797DE2 /* Localizable.xcstrings in Resources */,
			);
			runOnlyForDeploymentPostprocessing = 0;
		};
		2BA3DCEE2C3BA9840042C618 /* Resources */ = {
			isa = PBXResourcesBuildPhase;
			buildActionMask = 2147483647;
			files = (
			);
			runOnlyForDeploymentPostprocessing = 0;
		};
		2BA3DCF82C3BA9840042C618 /* Resources */ = {
			isa = PBXResourcesBuildPhase;
			buildActionMask = 2147483647;
			files = (
			);
			runOnlyForDeploymentPostprocessing = 0;
		};
/* End PBXResourcesBuildPhase section */

/* Begin PBXSourcesBuildPhase section */
		2BA3DCDC2C3BA9820042C618 /* Sources */ = {
			isa = PBXSourcesBuildPhase;
			buildActionMask = 2147483647;
			files = (
				2BA3DCE62C3BA9820042C618 /* ContentView.swift in Sources */,
				2BA3DD0F2C42999D0042C618 /* MainView.swift in Sources */,
				A483144F2C40E63B00F3D1AB /* WeatherViewModel.swift in Sources */,
				A45A06942C3E29B300797DE2 /* CardView.swift in Sources */,
				1ADB53822C3FDC370011EE08 /* HourlyWeather.swift in Sources */,
				A48314542C41036700F3D1AB /* DailyView.swift in Sources */,
				A406000F2C41961200A891EE /* LocationViewModel.swift in Sources */,
				A48314522C40E80800F3D1AB /* WeatherManagerDelegate.swift in Sources */,
				A45A069D2C3E39DD00797DE2 /* DailySummary.swift in Sources */,
				2BA3DCE42C3BA9820042C618 /* Nano3_WeatherAppForParentApp.swift in Sources */,
				A48314742C41204600F3D1AB /* WeatherManager.swift in Sources */,
				A483144A2C3F7CCD00F3D1AB /* ApiClient+GptRequest.swift in Sources */,
				2B4D20272C460EAE00C90BB1 /* WeatherAnimation.swift in Sources */,
				2BA3DD132C42C8630042C618 /* WeeklyWeatherView.swift in Sources */,
				1ADB53802C3FD00A0011EE08 /* DayWeather.swift in Sources */,
				A40600172C44A87E00A891EE /* PrepItem.swift in Sources */,
				A40600112C41962700A891EE /* Location.swift in Sources */,
				A45A069B2C3E2B8800797DE2 /* ApiClient.swift in Sources */,
				2BA3DD1B2C44D9C40042C618 /* InfoView.swift in Sources */,
				1ADB537C2C3F8DC10011EE08 /* LocationManager.swift in Sources */,
				A48314762C41255D00F3D1AB /* WeatherManager+Parsing.swift in Sources */,
			);
			runOnlyForDeploymentPostprocessing = 0;
		};
		2BA3DCEC2C3BA9840042C618 /* Sources */ = {
			isa = PBXSourcesBuildPhase;
			buildActionMask = 2147483647;
			files = (
			);
			runOnlyForDeploymentPostprocessing = 0;
		};
		2BA3DCF62C3BA9840042C618 /* Sources */ = {
			isa = PBXSourcesBuildPhase;
			buildActionMask = 2147483647;
			files = (
			);
			runOnlyForDeploymentPostprocessing = 0;
		};
/* End PBXSourcesBuildPhase section */

/* Begin PBXTargetDependency section */
		2BA3DCF22C3BA9840042C618 /* PBXTargetDependency */ = {
			isa = PBXTargetDependency;
			target = 2BA3DCDF2C3BA9820042C618 /* Nano3_WeatherAppForParent */;
			targetProxy = 2BA3DCF12C3BA9840042C618 /* PBXContainerItemProxy */;
		};
		2BA3DCFC2C3BA9840042C618 /* PBXTargetDependency */ = {
			isa = PBXTargetDependency;
			target = 2BA3DCDF2C3BA9820042C618 /* Nano3_WeatherAppForParent */;
			targetProxy = 2BA3DCFB2C3BA9840042C618 /* PBXContainerItemProxy */;
		};
/* End PBXTargetDependency section */

/* Begin XCBuildConfiguration section */
		2BA3DD022C3BA9840042C618 /* Debug */ = {
			isa = XCBuildConfiguration;
			buildSettings = {
				ALWAYS_SEARCH_USER_PATHS = NO;
				ASSETCATALOG_COMPILER_GENERATE_SWIFT_ASSET_SYMBOL_EXTENSIONS = YES;
				CLANG_ANALYZER_NONNULL = YES;
				CLANG_ANALYZER_NUMBER_OBJECT_CONVERSION = YES_AGGRESSIVE;
				CLANG_CXX_LANGUAGE_STANDARD = "gnu++20";
				CLANG_ENABLE_MODULES = YES;
				CLANG_ENABLE_OBJC_ARC = YES;
				CLANG_ENABLE_OBJC_WEAK = YES;
				CLANG_WARN_BLOCK_CAPTURE_AUTORELEASING = YES;
				CLANG_WARN_BOOL_CONVERSION = YES;
				CLANG_WARN_COMMA = YES;
				CLANG_WARN_CONSTANT_CONVERSION = YES;
				CLANG_WARN_DEPRECATED_OBJC_IMPLEMENTATIONS = YES;
				CLANG_WARN_DIRECT_OBJC_ISA_USAGE = YES_ERROR;
				CLANG_WARN_DOCUMENTATION_COMMENTS = YES;
				CLANG_WARN_EMPTY_BODY = YES;
				CLANG_WARN_ENUM_CONVERSION = YES;
				CLANG_WARN_INFINITE_RECURSION = YES;
				CLANG_WARN_INT_CONVERSION = YES;
				CLANG_WARN_NON_LITERAL_NULL_CONVERSION = YES;
				CLANG_WARN_OBJC_IMPLICIT_RETAIN_SELF = YES;
				CLANG_WARN_OBJC_LITERAL_CONVERSION = YES;
				CLANG_WARN_OBJC_ROOT_CLASS = YES_ERROR;
				CLANG_WARN_QUOTED_INCLUDE_IN_FRAMEWORK_HEADER = YES;
				CLANG_WARN_RANGE_LOOP_ANALYSIS = YES;
				CLANG_WARN_STRICT_PROTOTYPES = YES;
				CLANG_WARN_SUSPICIOUS_MOVE = YES;
				CLANG_WARN_UNGUARDED_AVAILABILITY = YES_AGGRESSIVE;
				CLANG_WARN_UNREACHABLE_CODE = YES;
				CLANG_WARN__DUPLICATE_METHOD_MATCH = YES;
				COPY_PHASE_STRIP = NO;
				DEBUG_INFORMATION_FORMAT = dwarf;
				ENABLE_STRICT_OBJC_MSGSEND = YES;
				ENABLE_TESTABILITY = YES;
				ENABLE_USER_SCRIPT_SANDBOXING = YES;
				GCC_C_LANGUAGE_STANDARD = gnu17;
				GCC_DYNAMIC_NO_PIC = NO;
				GCC_NO_COMMON_BLOCKS = YES;
				GCC_OPTIMIZATION_LEVEL = 0;
				GCC_PREPROCESSOR_DEFINITIONS = (
					"DEBUG=1",
					"$(inherited)",
				);
				GCC_WARN_64_TO_32_BIT_CONVERSION = YES;
				GCC_WARN_ABOUT_RETURN_TYPE = YES_ERROR;
				GCC_WARN_UNDECLARED_SELECTOR = YES;
				GCC_WARN_UNINITIALIZED_AUTOS = YES_AGGRESSIVE;
				GCC_WARN_UNUSED_FUNCTION = YES;
				GCC_WARN_UNUSED_VARIABLE = YES;
				IPHONEOS_DEPLOYMENT_TARGET = 17.5;
				LOCALIZATION_PREFERS_STRING_CATALOGS = YES;
				MTL_ENABLE_DEBUG_INFO = INCLUDE_SOURCE;
				MTL_FAST_MATH = YES;
				ONLY_ACTIVE_ARCH = YES;
				SDKROOT = iphoneos;
				SWIFT_ACTIVE_COMPILATION_CONDITIONS = "DEBUG $(inherited)";
				SWIFT_OPTIMIZATION_LEVEL = "-Onone";
			};
			name = Debug;
		};
		2BA3DD032C3BA9840042C618 /* Release */ = {
			isa = XCBuildConfiguration;
			buildSettings = {
				ALWAYS_SEARCH_USER_PATHS = NO;
				ASSETCATALOG_COMPILER_GENERATE_SWIFT_ASSET_SYMBOL_EXTENSIONS = YES;
				CLANG_ANALYZER_NONNULL = YES;
				CLANG_ANALYZER_NUMBER_OBJECT_CONVERSION = YES_AGGRESSIVE;
				CLANG_CXX_LANGUAGE_STANDARD = "gnu++20";
				CLANG_ENABLE_MODULES = YES;
				CLANG_ENABLE_OBJC_ARC = YES;
				CLANG_ENABLE_OBJC_WEAK = YES;
				CLANG_WARN_BLOCK_CAPTURE_AUTORELEASING = YES;
				CLANG_WARN_BOOL_CONVERSION = YES;
				CLANG_WARN_COMMA = YES;
				CLANG_WARN_CONSTANT_CONVERSION = YES;
				CLANG_WARN_DEPRECATED_OBJC_IMPLEMENTATIONS = YES;
				CLANG_WARN_DIRECT_OBJC_ISA_USAGE = YES_ERROR;
				CLANG_WARN_DOCUMENTATION_COMMENTS = YES;
				CLANG_WARN_EMPTY_BODY = YES;
				CLANG_WARN_ENUM_CONVERSION = YES;
				CLANG_WARN_INFINITE_RECURSION = YES;
				CLANG_WARN_INT_CONVERSION = YES;
				CLANG_WARN_NON_LITERAL_NULL_CONVERSION = YES;
				CLANG_WARN_OBJC_IMPLICIT_RETAIN_SELF = YES;
				CLANG_WARN_OBJC_LITERAL_CONVERSION = YES;
				CLANG_WARN_OBJC_ROOT_CLASS = YES_ERROR;
				CLANG_WARN_QUOTED_INCLUDE_IN_FRAMEWORK_HEADER = YES;
				CLANG_WARN_RANGE_LOOP_ANALYSIS = YES;
				CLANG_WARN_STRICT_PROTOTYPES = YES;
				CLANG_WARN_SUSPICIOUS_MOVE = YES;
				CLANG_WARN_UNGUARDED_AVAILABILITY = YES_AGGRESSIVE;
				CLANG_WARN_UNREACHABLE_CODE = YES;
				CLANG_WARN__DUPLICATE_METHOD_MATCH = YES;
				COPY_PHASE_STRIP = NO;
				DEBUG_INFORMATION_FORMAT = "dwarf-with-dsym";
				ENABLE_NS_ASSERTIONS = NO;
				ENABLE_STRICT_OBJC_MSGSEND = YES;
				ENABLE_USER_SCRIPT_SANDBOXING = YES;
				GCC_C_LANGUAGE_STANDARD = gnu17;
				GCC_NO_COMMON_BLOCKS = YES;
				GCC_WARN_64_TO_32_BIT_CONVERSION = YES;
				GCC_WARN_ABOUT_RETURN_TYPE = YES_ERROR;
				GCC_WARN_UNDECLARED_SELECTOR = YES;
				GCC_WARN_UNINITIALIZED_AUTOS = YES_AGGRESSIVE;
				GCC_WARN_UNUSED_FUNCTION = YES;
				GCC_WARN_UNUSED_VARIABLE = YES;
				IPHONEOS_DEPLOYMENT_TARGET = 17.5;
				LOCALIZATION_PREFERS_STRING_CATALOGS = YES;
				MTL_ENABLE_DEBUG_INFO = NO;
				MTL_FAST_MATH = YES;
				SDKROOT = iphoneos;
				SWIFT_COMPILATION_MODE = wholemodule;
				VALIDATE_PRODUCT = YES;
			};
			name = Release;
		};
		2BA3DD052C3BA9840042C618 /* Debug */ = {
			isa = XCBuildConfiguration;
			buildSettings = {
				ASSETCATALOG_COMPILER_APPICON_NAME = AppIcon;
				ASSETCATALOG_COMPILER_GLOBAL_ACCENT_COLOR_NAME = AccentColor;
				CODE_SIGN_ENTITLEMENTS = Nano3_WeatherAppForParent/Resources/Nano3_WeatherAppForParent.entitlements;
				CODE_SIGN_STYLE = Automatic;
				CURRENT_PROJECT_VERSION = 1;
				DEVELOPMENT_ASSET_PATHS = "Nano3_WeatherAppForParent/Resources/Preview\\ Content";
				DEVELOPMENT_TEAM = N2K3R4X37B;
				ENABLE_PREVIEWS = YES;
				GENERATE_INFOPLIST_FILE = YES;
				INFOPLIST_FILE = "Nano3-WeatherAppForParent-Info.plist";
				INFOPLIST_KEY_LSApplicationCategoryType = "public.app-category.weather";
				INFOPLIST_KEY_NSLocationAlwaysUsageDescription = "weatherapp need your location";
				INFOPLIST_KEY_NSLocationWhenInUseUsageDescription = "Weatherapp need your location";
				INFOPLIST_KEY_UIApplicationSceneManifest_Generation = YES;
				INFOPLIST_KEY_UIApplicationSupportsIndirectInputEvents = YES;
				INFOPLIST_KEY_UILaunchScreen_Generation = YES;
				INFOPLIST_KEY_UISupportedInterfaceOrientations_iPad = "UIInterfaceOrientationPortrait UIInterfaceOrientationPortraitUpsideDown UIInterfaceOrientationLandscapeLeft UIInterfaceOrientationLandscapeRight";
				INFOPLIST_KEY_UISupportedInterfaceOrientations_iPhone = "UIInterfaceOrientationPortrait UIInterfaceOrientationLandscapeLeft UIInterfaceOrientationLandscapeRight";
				LD_RUNPATH_SEARCH_PATHS = (
					"$(inherited)",
					"@executable_path/Frameworks",
				);
				MARKETING_VERSION = 1.0;
				PRODUCT_BUNDLE_IDENTIFIER = "com.althafnafianwar-nano3";
				PRODUCT_NAME = "$(TARGET_NAME)";
				SWIFT_EMIT_LOC_STRINGS = YES;
				SWIFT_VERSION = 5.0;
				TARGETED_DEVICE_FAMILY = "1,2";
			};
			name = Debug;
		};
		2BA3DD062C3BA9840042C618 /* Release */ = {
			isa = XCBuildConfiguration;
			buildSettings = {
				ASSETCATALOG_COMPILER_APPICON_NAME = AppIcon;
				ASSETCATALOG_COMPILER_GLOBAL_ACCENT_COLOR_NAME = AccentColor;
				CODE_SIGN_ENTITLEMENTS = Nano3_WeatherAppForParent/Resources/Nano3_WeatherAppForParent.entitlements;
				CODE_SIGN_STYLE = Automatic;
				CURRENT_PROJECT_VERSION = 1;
				DEVELOPMENT_ASSET_PATHS = "Nano3_WeatherAppForParent/Resources/Preview\\ Content";
				DEVELOPMENT_TEAM = N2K3R4X37B;
				ENABLE_PREVIEWS = YES;
				GENERATE_INFOPLIST_FILE = YES;
				INFOPLIST_FILE = "Nano3-WeatherAppForParent-Info.plist";
				INFOPLIST_KEY_LSApplicationCategoryType = "public.app-category.weather";
				INFOPLIST_KEY_NSLocationAlwaysUsageDescription = "weatherapp need your location";
				INFOPLIST_KEY_NSLocationWhenInUseUsageDescription = "Weatherapp need your location";
				INFOPLIST_KEY_UIApplicationSceneManifest_Generation = YES;
				INFOPLIST_KEY_UIApplicationSupportsIndirectInputEvents = YES;
				INFOPLIST_KEY_UILaunchScreen_Generation = YES;
				INFOPLIST_KEY_UISupportedInterfaceOrientations_iPad = "UIInterfaceOrientationPortrait UIInterfaceOrientationPortraitUpsideDown UIInterfaceOrientationLandscapeLeft UIInterfaceOrientationLandscapeRight";
				INFOPLIST_KEY_UISupportedInterfaceOrientations_iPhone = "UIInterfaceOrientationPortrait UIInterfaceOrientationLandscapeLeft UIInterfaceOrientationLandscapeRight";
				LD_RUNPATH_SEARCH_PATHS = (
					"$(inherited)",
					"@executable_path/Frameworks",
				);
				MARKETING_VERSION = 1.0;
				PRODUCT_BUNDLE_IDENTIFIER = "com.althafnafianwar-nano3";
				PRODUCT_NAME = "$(TARGET_NAME)";
				SWIFT_EMIT_LOC_STRINGS = YES;
				SWIFT_VERSION = 5.0;
				TARGETED_DEVICE_FAMILY = "1,2";
			};
			name = Release;
		};
		2BA3DD082C3BA9840042C618 /* Debug */ = {
			isa = XCBuildConfiguration;
			buildSettings = {
				ALWAYS_EMBED_SWIFT_STANDARD_LIBRARIES = YES;
				BUNDLE_LOADER = "$(TEST_HOST)";
				CODE_SIGN_STYLE = Automatic;
				CURRENT_PROJECT_VERSION = 1;
				DEVELOPMENT_TEAM = N2K3R4X37B;
				GENERATE_INFOPLIST_FILE = YES;
				IPHONEOS_DEPLOYMENT_TARGET = 17.5;
				MARKETING_VERSION = 1.0;
				PRODUCT_BUNDLE_IDENTIFIER = "com.yourpet.Nano3-WeatherAppForParentTests";
				PRODUCT_NAME = "$(TARGET_NAME)";
				SWIFT_EMIT_LOC_STRINGS = NO;
				SWIFT_VERSION = 5.0;
				TARGETED_DEVICE_FAMILY = "1,2";
				TEST_HOST = "$(BUILT_PRODUCTS_DIR)/Nano3_WeatherAppForParent.app/$(BUNDLE_EXECUTABLE_FOLDER_PATH)/Nano3_WeatherAppForParent";
			};
			name = Debug;
		};
		2BA3DD092C3BA9840042C618 /* Release */ = {
			isa = XCBuildConfiguration;
			buildSettings = {
				ALWAYS_EMBED_SWIFT_STANDARD_LIBRARIES = YES;
				BUNDLE_LOADER = "$(TEST_HOST)";
				CODE_SIGN_STYLE = Automatic;
				CURRENT_PROJECT_VERSION = 1;
				DEVELOPMENT_TEAM = N2K3R4X37B;
				GENERATE_INFOPLIST_FILE = YES;
				IPHONEOS_DEPLOYMENT_TARGET = 17.5;
				MARKETING_VERSION = 1.0;
				PRODUCT_BUNDLE_IDENTIFIER = "com.yourpet.Nano3-WeatherAppForParentTests";
				PRODUCT_NAME = "$(TARGET_NAME)";
				SWIFT_EMIT_LOC_STRINGS = NO;
				SWIFT_VERSION = 5.0;
				TARGETED_DEVICE_FAMILY = "1,2";
				TEST_HOST = "$(BUILT_PRODUCTS_DIR)/Nano3_WeatherAppForParent.app/$(BUNDLE_EXECUTABLE_FOLDER_PATH)/Nano3_WeatherAppForParent";
			};
			name = Release;
		};
		2BA3DD0B2C3BA9840042C618 /* Debug */ = {
			isa = XCBuildConfiguration;
			buildSettings = {
				ALWAYS_EMBED_SWIFT_STANDARD_LIBRARIES = YES;
				CODE_SIGN_STYLE = Automatic;
				CURRENT_PROJECT_VERSION = 1;
				DEVELOPMENT_TEAM = N2K3R4X37B;
				GENERATE_INFOPLIST_FILE = YES;
				MARKETING_VERSION = 1.0;
				PRODUCT_BUNDLE_IDENTIFIER = "com.yourpet.Nano3-WeatherAppForParentUITests";
				PRODUCT_NAME = "$(TARGET_NAME)";
				SWIFT_EMIT_LOC_STRINGS = NO;
				SWIFT_VERSION = 5.0;
				TARGETED_DEVICE_FAMILY = "1,2";
				TEST_TARGET_NAME = Nano3_WeatherAppForParent;
			};
			name = Debug;
		};
		2BA3DD0C2C3BA9840042C618 /* Release */ = {
			isa = XCBuildConfiguration;
			buildSettings = {
				ALWAYS_EMBED_SWIFT_STANDARD_LIBRARIES = YES;
				CODE_SIGN_STYLE = Automatic;
				CURRENT_PROJECT_VERSION = 1;
				DEVELOPMENT_TEAM = N2K3R4X37B;
				GENERATE_INFOPLIST_FILE = YES;
				MARKETING_VERSION = 1.0;
				PRODUCT_BUNDLE_IDENTIFIER = "com.yourpet.Nano3-WeatherAppForParentUITests";
				PRODUCT_NAME = "$(TARGET_NAME)";
				SWIFT_EMIT_LOC_STRINGS = NO;
				SWIFT_VERSION = 5.0;
				TARGETED_DEVICE_FAMILY = "1,2";
				TEST_TARGET_NAME = Nano3_WeatherAppForParent;
			};
			name = Release;
		};
/* End XCBuildConfiguration section */

/* Begin XCConfigurationList section */
		2BA3DCDB2C3BA9820042C618 /* Build configuration list for PBXProject "Nano3_WeatherAppForParent" */ = {
			isa = XCConfigurationList;
			buildConfigurations = (
				2BA3DD022C3BA9840042C618 /* Debug */,
				2BA3DD032C3BA9840042C618 /* Release */,
			);
			defaultConfigurationIsVisible = 0;
			defaultConfigurationName = Release;
		};
		2BA3DD042C3BA9840042C618 /* Build configuration list for PBXNativeTarget "Nano3_WeatherAppForParent" */ = {
			isa = XCConfigurationList;
			buildConfigurations = (
				2BA3DD052C3BA9840042C618 /* Debug */,
				2BA3DD062C3BA9840042C618 /* Release */,
			);
			defaultConfigurationIsVisible = 0;
			defaultConfigurationName = Release;
		};
		2BA3DD072C3BA9840042C618 /* Build configuration list for PBXNativeTarget "Nano3_WeatherAppForParentTests" */ = {
			isa = XCConfigurationList;
			buildConfigurations = (
				2BA3DD082C3BA9840042C618 /* Debug */,
				2BA3DD092C3BA9840042C618 /* Release */,
			);
			defaultConfigurationIsVisible = 0;
			defaultConfigurationName = Release;
		};
		2BA3DD0A2C3BA9840042C618 /* Build configuration list for PBXNativeTarget "Nano3_WeatherAppForParentUITests" */ = {
			isa = XCConfigurationList;
			buildConfigurations = (
				2BA3DD0B2C3BA9840042C618 /* Debug */,
				2BA3DD0C2C3BA9840042C618 /* Release */,
			);
			defaultConfigurationIsVisible = 0;
			defaultConfigurationName = Release;
		};
/* End XCConfigurationList section */
	};
	rootObject = 2BA3DCD82C3BA9820042C618 /* Project object */;
}
